
Microsoft Visual Studio Solution File, Format Version 12.00
# Visual Studio Version 16
VisualStudioVersion = 16.0.31624.102
MinimumVisualStudioVersion = 10.0.40219.1
Project("{8BC9CEB8-8B4A-11D0-8D11-00A0C91BC942}") = "nord", "nord\nord.vcxproj", "{A4F7B608-60C3-4BAC-BF11-5135473BD7D2}"
EndProject
Global
	GlobalSection(SolutionConfigurationPlatforms) = preSolution
		Debug|x64 = Debug|x64
		Debug|x86 = Debug|x86
		Release|x64 = Release|x64
		Release|x86 = Release|x86
	EndGlobalSection
	GlobalSection(ProjectConfigurationPlatforms) = postSolution
		{A4F7B608-60C3-4BAC-BF11-5135473BD7D2}.Debug|x64.ActiveCfg = Debug|x64
		{A4F7B608-60C3-4BAC-BF11-5135473BD7D2}.Debug|x64.Build.0 = Debug|x64
		{A4F7B608-60C3-4BAC-BF11-5135473BD7D2}.Debug|x86.ActiveCfg = Debug|Win32
		{A4F7B608-60C3-4BAC-BF11-5135473BD7D2}.Debug|x86.Build.0 = Debug|Win32
		{A4F7B608-60C3-4BAC-BF11-5135473BD7D2}.Release|x64.ActiveCfg = Release|x64
		{A4F7B608-60C3-4BAC-BF11-5135473BD7D2}.Release|x64.Build.0 = Release|x64
		{A4F7B608-60C3-4BAC-BF11-5135473BD7D2}.Release|x86.ActiveCfg = Release|Win32
		{A4F7B608-60C3-4BAC-BF11-5135473BD7D2}.Release|x86.Build.0 = Release|Win32
	EndGlobalSection
	GlobalSection(SolutionProperties) = preSolution
		HideSolutionNode = FALSE
	EndGlobalSection
	GlobalSection(ExtensibilityGlobals) = postSolution
		SolutionGuid = {2B8D2C14-79D5-4575-9655-9511AABBFB5C}
	EndGlobalSection
EndGlobal
